
Microsoft Visual Studio Solution File, Format Version 12.00
# Visual Studio Version 16
VisualStudioVersion = 16.0.28803.202
MinimumVisualStudioVersion = 10.0.40219.1
Project("{FAE04EC0-301F-11D3-BF4B-00C04F79EFBC}") = "HwStrategy", "HwStrategy.csproj", "{F4D4531A-C9C5-4F27-83D4-C2D8AFDED8B2}"
EndProject
Global
	GlobalSection(SolutionConfigurationPlatforms) = preSolution
		Debug|Any CPU = Debug|Any CPU
		Release|Any CPU = Release|Any CPU
	EndGlobalSection
	GlobalSection(ProjectConfigurationPlatforms) = postSolution
		{F4D4531A-C9C5-4F27-83D4-C2D8AFDED8B2}.Debug|Any CPU.ActiveCfg = Debug|Any CPU
		{F4D4531A-C9C5-4F27-83D4-C2D8AFDED8B2}.Debug|Any CPU.Build.0 = Debug|Any CPU
		{F4D4531A-C9C5-4F27-83D4-C2D8AFDED8B2}.Release|Any CPU.ActiveCfg = Release|Any CPU
		{F4D4531A-C9C5-4F27-83D4-C2D8AFDED8B2}.Release|Any CPU.Build.0 = Release|Any CPU
	EndGlobalSection
	GlobalSection(SolutionProperties) = preSolution
		HideSolutionNode = FALSE
	EndGlobalSection
	GlobalSection(ExtensibilityGlobals) = postSolution
		SolutionGuid = {BF34DC3D-F2FD-462E-AADF-A335724BD9D6}
	EndGlobalSection
EndGlobal
